
Microsoft Visual Studio Solution File, Format Version 12.00
# Visual Studio Version 16
VisualStudioVersion = 16.0.29326.143
MinimumVisualStudioVersion = 10.0.40219.1
Project("{9A19103F-16F7-4668-BE54-9A1E7A4F7556}") = "PatternDesign.Console", "PatternDesign.Console\PatternDesign.Console.csproj", "{81D319BC-374C-4653-A542-63791BCCACF4}"
EndProject
Project("{9A19103F-16F7-4668-BE54-9A1E7A4F7556}") = "Behaivoural.Patterns", "Behaivoural.Patterns\Behaivoural.Patterns.csproj", "{3C8425CF-53CB-4767-BBF1-5F503E7C5121}"
EndProject
Project("{9A19103F-16F7-4668-BE54-9A1E7A4F7556}") = "PatterDesign.Domain", "PatterDesign.Domain\PatterDesign.Domain.csproj", "{854E219C-7726-4029-8965-2C3C805CBB93}"
EndProject
Project("{FAE04EC0-301F-11D3-BF4B-00C04F79EFBC}") = "PatternDesign.Data", "PatternDesign.Data\PatternDesign.Data.csproj", "{73EBD10F-FE44-4BE5-B939-CE92927380DE}"
EndProject
Global
	GlobalSection(SolutionConfigurationPlatforms) = preSolution
		Debug|Any CPU = Debug|Any CPU
		Release|Any CPU = Release|Any CPU
	EndGlobalSection
	GlobalSection(ProjectConfigurationPlatforms) = postSolution
		{81D319BC-374C-4653-A542-63791BCCACF4}.Debug|Any CPU.ActiveCfg = Debug|Any CPU
		{81D319BC-374C-4653-A542-63791BCCACF4}.Debug|Any CPU.Build.0 = Debug|Any CPU
		{81D319BC-374C-4653-A542-63791BCCACF4}.Release|Any CPU.ActiveCfg = Release|Any CPU
		{81D319BC-374C-4653-A542-63791BCCACF4}.Release|Any CPU.Build.0 = Release|Any CPU
		{3C8425CF-53CB-4767-BBF1-5F503E7C5121}.Debug|Any CPU.ActiveCfg = Debug|Any CPU
		{3C8425CF-53CB-4767-BBF1-5F503E7C5121}.Debug|Any CPU.Build.0 = Debug|Any CPU
		{3C8425CF-53CB-4767-BBF1-5F503E7C5121}.Release|Any CPU.ActiveCfg = Release|Any CPU
		{3C8425CF-53CB-4767-BBF1-5F503E7C5121}.Release|Any CPU.Build.0 = Release|Any CPU
		{854E219C-7726-4029-8965-2C3C805CBB93}.Debug|Any CPU.ActiveCfg = Debug|Any CPU
		{854E219C-7726-4029-8965-2C3C805CBB93}.Debug|Any CPU.Build.0 = Debug|Any CPU
		{854E219C-7726-4029-8965-2C3C805CBB93}.Release|Any CPU.ActiveCfg = Release|Any CPU
		{854E219C-7726-4029-8965-2C3C805CBB93}.Release|Any CPU.Build.0 = Release|Any CPU
		{73EBD10F-FE44-4BE5-B939-CE92927380DE}.Debug|Any CPU.ActiveCfg = Debug|Any CPU
		{73EBD10F-FE44-4BE5-B939-CE92927380DE}.Debug|Any CPU.Build.0 = Debug|Any CPU
		{73EBD10F-FE44-4BE5-B939-CE92927380DE}.Release|Any CPU.ActiveCfg = Release|Any CPU
		{73EBD10F-FE44-4BE5-B939-CE92927380DE}.Release|Any CPU.Build.0 = Release|Any CPU
	EndGlobalSection
	GlobalSection(SolutionProperties) = preSolution
		HideSolutionNode = FALSE
	EndGlobalSection
	GlobalSection(ExtensibilityGlobals) = postSolution
		SolutionGuid = {F8247A38-817F-42E1-996A-C710DDBD92B1}
	EndGlobalSection
EndGlobal
